
Microsoft Visual Studio Solution File, Format Version 12.00
# Visual Studio 15
VisualStudioVersion = 15.0.28010.2016
MinimumVisualStudioVersion = 10.0.40219.1
Project("{F184B08F-C81C-45F6-A57F-5ABD9991F28F}") = "TestProject", "TestProject\TestProject.vbproj", "{F6EF9EC0-A305-42C2-A49C-0F5CFD7ED2BC}"
EndProject
Global
	GlobalSection(SolutionConfigurationPlatforms) = preSolution
		Debug|Any CPU = Debug|Any CPU
		Release|Any CPU = Release|Any CPU
	EndGlobalSection
	GlobalSection(ProjectConfigurationPlatforms) = postSolution
		{F6EF9EC0-A305-42C2-A49C-0F5CFD7ED2BC}.Debug|Any CPU.ActiveCfg = Debug|Any CPU
		{F6EF9EC0-A305-42C2-A49C-0F5CFD7ED2BC}.Debug|Any CPU.Build.0 = Debug|Any CPU
		{F6EF9EC0-A305-42C2-A49C-0F5CFD7ED2BC}.Release|Any CPU.ActiveCfg = Release|Any CPU
		{F6EF9EC0-A305-42C2-A49C-0F5CFD7ED2BC}.Release|Any CPU.Build.0 = Release|Any CPU
	EndGlobalSection
	GlobalSection(SolutionProperties) = preSolution
		HideSolutionNode = FALSE
	EndGlobalSection
	GlobalSection(ExtensibilityGlobals) = postSolution
		SolutionGuid = {5BBE7DA1-E950-4F10-B68B-B5281FEEFD01}
	EndGlobalSection
EndGlobal
